
Microsoft Visual Studio Solution File, Format Version 12.00
# Visual Studio Version 16
VisualStudioVersion = 16.0.29215.179
MinimumVisualStudioVersion = 10.0.40219.1
Project("{FAE04EC0-301F-11D3-BF4B-00C04F79EFBC}") = "Challenge11", "Challenge11.csproj", "{978060C3-1754-4E74-90F5-07126E156410}"
EndProject
Global
	GlobalSection(SolutionConfigurationPlatforms) = preSolution
		Debug|Any CPU = Debug|Any CPU
		Release|Any CPU = Release|Any CPU
	EndGlobalSection
	GlobalSection(ProjectConfigurationPlatforms) = postSolution
		{978060C3-1754-4E74-90F5-07126E156410}.Debug|Any CPU.ActiveCfg = Debug|Any CPU
		{978060C3-1754-4E74-90F5-07126E156410}.Debug|Any CPU.Build.0 = Debug|Any CPU
		{978060C3-1754-4E74-90F5-07126E156410}.Release|Any CPU.ActiveCfg = Release|Any CPU
		{978060C3-1754-4E74-90F5-07126E156410}.Release|Any CPU.Build.0 = Release|Any CPU
	EndGlobalSection
	GlobalSection(SolutionProperties) = preSolution
		HideSolutionNode = FALSE
	EndGlobalSection
	GlobalSection(ExtensibilityGlobals) = postSolution
		SolutionGuid = {3D1113BE-4563-459E-BDDB-C32ADDB5FB5F}
	EndGlobalSection
EndGlobal
